
Microsoft Visual Studio Solution File, Format Version 12.00
# Visual Studio Version 17
Project("{8BC9CEB8-8B4A-11D0-8D11-00A0C91BC942}") = "ALL_BUILD", "ALL_BUILD.vcxproj", "{6204486D-9AFE-3ADC-9F44-17D63CC6CBE4}"
	ProjectSection(ProjectDependencies) = postProject
		{D15D7A3B-F80E-3F4E-8BD9-A6219D08DCBB} = {D15D7A3B-F80E-3F4E-8BD9-A6219D08DCBB}
		{85DB3F4B-E128-388B-96F8-294678A127E1} = {85DB3F4B-E128-388B-96F8-294678A127E1}
	EndProjectSection
EndProject
Project("{8BC9CEB8-8B4A-11D0-8D11-00A0C91BC942}") = "ZERO_CHECK", "ZERO_CHECK.vcxproj", "{D15D7A3B-F80E-3F4E-8BD9-A6219D08DCBB}"
	ProjectSection(ProjectDependencies) = postProject
	EndProjectSection
EndProject
Project("{8BC9CEB8-8B4A-11D0-8D11-00A0C91BC942}") = "projector", "projector.vcxproj", "{85DB3F4B-E128-388B-96F8-294678A127E1}"
	ProjectSection(ProjectDependencies) = postProject
		{D15D7A3B-F80E-3F4E-8BD9-A6219D08DCBB} = {D15D7A3B-F80E-3F4E-8BD9-A6219D08DCBB}
	EndProjectSection
EndProject
Global
	GlobalSection(SolutionConfigurationPlatforms) = preSolution
		Debug|x64 = Debug|x64
		Release|x64 = Release|x64
		MinSizeRel|x64 = MinSizeRel|x64
		RelWithDebInfo|x64 = RelWithDebInfo|x64
	EndGlobalSection
	GlobalSection(ProjectConfigurationPlatforms) = postSolution
		{6204486D-9AFE-3ADC-9F44-17D63CC6CBE4}.Debug|x64.ActiveCfg = Debug|x64
		{6204486D-9AFE-3ADC-9F44-17D63CC6CBE4}.Release|x64.ActiveCfg = Release|x64
		{6204486D-9AFE-3ADC-9F44-17D63CC6CBE4}.MinSizeRel|x64.ActiveCfg = MinSizeRel|x64
		{6204486D-9AFE-3ADC-9F44-17D63CC6CBE4}.RelWithDebInfo|x64.ActiveCfg = RelWithDebInfo|x64
		{D15D7A3B-F80E-3F4E-8BD9-A6219D08DCBB}.Debug|x64.ActiveCfg = Debug|x64
		{D15D7A3B-F80E-3F4E-8BD9-A6219D08DCBB}.Debug|x64.Build.0 = Debug|x64
		{D15D7A3B-F80E-3F4E-8BD9-A6219D08DCBB}.Release|x64.ActiveCfg = Release|x64
		{D15D7A3B-F80E-3F4E-8BD9-A6219D08DCBB}.Release|x64.Build.0 = Release|x64
		{D15D7A3B-F80E-3F4E-8BD9-A6219D08DCBB}.MinSizeRel|x64.ActiveCfg = MinSizeRel|x64
		{D15D7A3B-F80E-3F4E-8BD9-A6219D08DCBB}.MinSizeRel|x64.Build.0 = MinSizeRel|x64
		{D15D7A3B-F80E-3F4E-8BD9-A6219D08DCBB}.RelWithDebInfo|x64.ActiveCfg = RelWithDebInfo|x64
		{D15D7A3B-F80E-3F4E-8BD9-A6219D08DCBB}.RelWithDebInfo|x64.Build.0 = RelWithDebInfo|x64
		{85DB3F4B-E128-388B-96F8-294678A127E1}.Debug|x64.ActiveCfg = Debug|x64
		{85DB3F4B-E128-388B-96F8-294678A127E1}.Debug|x64.Build.0 = Debug|x64
		{85DB3F4B-E128-388B-96F8-294678A127E1}.Release|x64.ActiveCfg = Release|x64
		{85DB3F4B-E128-388B-96F8-294678A127E1}.Release|x64.Build.0 = Release|x64
		{85DB3F4B-E128-388B-96F8-294678A127E1}.MinSizeRel|x64.ActiveCfg = MinSizeRel|x64
		{85DB3F4B-E128-388B-96F8-294678A127E1}.MinSizeRel|x64.Build.0 = MinSizeRel|x64
		{85DB3F4B-E128-388B-96F8-294678A127E1}.RelWithDebInfo|x64.ActiveCfg = RelWithDebInfo|x64
		{85DB3F4B-E128-388B-96F8-294678A127E1}.RelWithDebInfo|x64.Build.0 = RelWithDebInfo|x64
	EndGlobalSection
	GlobalSection(ExtensibilityGlobals) = postSolution
		SolutionGuid = {94B6A78A-3FD8-3866-B41C-75946E679C67}
	EndGlobalSection
	GlobalSection(ExtensibilityAddIns) = postSolution
	EndGlobalSection
EndGlobal
